<?xml version="1.0" encoding="utf-8"?>
<Project ToolsVersion="4.0" xmlns="http://schemas.microsoft.com/developer/msbuild/2003">
  <ItemGroup>
    <ClInclude Include="Vector.h">
      <Filter>Container</Filter>
    </ClInclude>
    <ClInclude Include="CustomException.h">
      <Filter>Debug</Filter>
    </ClInclude>
    <ClInclude Include="RandomAccessIterator.h">
      <Filter>Iterator</Filter>
    </ClInclude>
    <ClInclude Include="List.h">
      <Filter>Container</Filter>
    </ClInclude>
    <ClInclude Include="ExceptionFunction.h">
      <Filter>Debug</Filter>
    </ClInclude>
  </ItemGroup>
  <ItemGroup>
    <ClCompile Include="main.cpp" />
  </ItemGroup>
  <ItemGroup>
    <Filter Include="Container">
      <UniqueIdentifier>{3c2498c8-e247-419b-a124-5a39d906f18b}</UniqueIdentifier>
    </Filter>
    <Filter Include="Debug">
      <UniqueIdentifier>{ffbb79c4-ecb7-4b7d-ab4e-22ec09884753}</UniqueIdentifier>
    </Filter>
    <Filter Include="Iterator">
      <UniqueIdentifier>{32d6e02a-b142-44e1-bdb0-546af5f81879}</UniqueIdentifier>
    </Filter>
  </ItemGroup>
</Project>